
Microsoft Visual Studio Solution File, Format Version 12.00
# Visual Studio Version 17
VisualStudioVersion = 17.5.33424.131
MinimumVisualStudioVersion = 10.0.40219.1
Project("{9A19103F-16F7-4668-BE54-9A1E7A4F7556}") = "Mubadhula Validator pocs_1", "Mubadhula Validator pocs_1.csproj", "{7A9E69D9-9C91-4F79-A159-B2BADC39B6AD}"
EndProject
Global
	GlobalSection(SolutionConfigurationPlatforms) = preSolution
		Debug|Any CPU = Debug|Any CPU
		Release|Any CPU = Release|Any CPU
	EndGlobalSection
	GlobalSection(ProjectConfigurationPlatforms) = postSolution
		{7A9E69D9-9C91-4F79-A159-B2BADC39B6AD}.Debug|Any CPU.ActiveCfg = Debug|Any CPU
		{7A9E69D9-9C91-4F79-A159-B2BADC39B6AD}.Debug|Any CPU.Build.0 = Debug|Any CPU
		{7A9E69D9-9C91-4F79-A159-B2BADC39B6AD}.Release|Any CPU.ActiveCfg = Release|Any CPU
		{7A9E69D9-9C91-4F79-A159-B2BADC39B6AD}.Release|Any CPU.Build.0 = Release|Any CPU
	EndGlobalSection
	GlobalSection(SolutionProperties) = preSolution
		HideSolutionNode = FALSE
	EndGlobalSection
	GlobalSection(ExtensibilityGlobals) = postSolution
		SolutionGuid = {C044DC31-234A-465A-99FA-852D3AB3E520}
	EndGlobalSection
EndGlobal
