
Microsoft Visual Studio Solution File, Format Version 12.00
# Visual Studio Version 17
VisualStudioVersion = 17.5.33424.131
MinimumVisualStudioVersion = 10.0.40219.1
Project("{FAE04EC0-301F-11D3-BF4B-00C04F79EFBC}") = "Radzencontrols drown to search", "Radzencontrols drown to search.csproj", "{4F256F44-0AB9-4ED5-92A2-077083A7D30B}"
EndProject
Global
	GlobalSection(SolutionConfigurationPlatforms) = preSolution
		Debug|Any CPU = Debug|Any CPU
		Release|Any CPU = Release|Any CPU
	EndGlobalSection
	GlobalSection(ProjectConfigurationPlatforms) = postSolution
		{4F256F44-0AB9-4ED5-92A2-077083A7D30B}.Debug|Any CPU.ActiveCfg = Debug|Any CPU
		{4F256F44-0AB9-4ED5-92A2-077083A7D30B}.Debug|Any CPU.Build.0 = Debug|Any CPU
		{4F256F44-0AB9-4ED5-92A2-077083A7D30B}.Release|Any CPU.ActiveCfg = Release|Any CPU
		{4F256F44-0AB9-4ED5-92A2-077083A7D30B}.Release|Any CPU.Build.0 = Release|Any CPU
	EndGlobalSection
	GlobalSection(SolutionProperties) = preSolution
		HideSolutionNode = FALSE
	EndGlobalSection
	GlobalSection(ExtensibilityGlobals) = postSolution
		SolutionGuid = {7E7078A8-74DA-44CE-89F7-E15A11E01660}
	EndGlobalSection
EndGlobal
